{
    "_readme": [
        "This file locks the dependencies of your project to a known state",
        "Read more about it at https://getcomposer.org/doc/01-basic-usage.md#installing-dependencies",
        "This file is @generated automatically"
    ],
    "content-hash": "867cd15ab9755afaed5d9a6019e36c42",
    "packages": [
        {
            "name": "log1x/navi",
            "version": "v3.1.1",
            "source": {
                "type": "git",
                "url": "https://github.com/Log1x/navi.git",
                "reference": "97fa923a1eb1aa92d17984117b8e0f56a0a818ab"
            },
            "dist": {
                "type": "zip",
                "url": "https://api.github.com/repos/Log1x/navi/zipball/97fa923a1eb1aa92d17984117b8e0f56a0a818ab",
                "reference": "97fa923a1eb1aa92d17984117b8e0f56a0a818ab",
                "shasum": ""
            },
            "require": {
                "php": "^8.0"
            },
            "require-dev": {
                "laravel/pint": "^1.14",
                "roots/acorn": "^4.3"
            },
            "type": "package",
            "extra": {
                "acorn": {
                    "providers": [
                        "Log1x\\Navi\\Providers\\NaviServiceProvider"
                    ],
                    "aliases": {
                        "Navi": "Log1x\\Navi\\Facades\\Navi"
                    }
                }
            },
            "autoload": {
                "psr-4": {
                    "Log1x\\Navi\\": "src/"
                }
            },
            "notification-url": "https://packagist.org/downloads/",
            "license": [
                "MIT"
            ],
            "authors": [
                {
                    "name": "Brandon Nifong",
                    "email": "brandon@tendency.me"
                }
            ],
            "description": "A developer-friendly alternative to the WordPress NavWalker.",
            "keywords": [
                "navwalker",
                "wordpress",
                "wordpress-plugin"
            ],
            "support": {
                "issues": "https://github.com/log1x/navi/issues",
                "source": "https://github.com/Log1x/navi/tree/v3.1.1"
            },
            "funding": [
                {
                    "url": "https://github.com/Log1x",
                    "type": "github"
                }
            ],
            "time": "2024-10-21T23:10:14+00:00"
        }
    ],
    "packages-dev": [],
    "aliases": [],
    "minimum-stability": "stable",
    "stability-flags": [],
    "prefer-stable": false,
    "prefer-lowest": false,
    "platform": [],
    "platform-dev": [],
    "plugin-api-version": "2.6.0"
}
